
Microsoft Visual Studio Solution File, Format Version 12.00
# Visual Studio 15
VisualStudioVersion = 15.0.28307.1340
MinimumVisualStudioVersion = 10.0.40219.1
Project("{FAE04EC0-301F-11D3-BF4B-00C04F79EFBC}") = "issDMKSite", "issDMKSite\issDMKSite.csproj", "{471AB7C5-19BC-44F0-9399-5753F1A4748F}"
EndProject
Global
	GlobalSection(SolutionConfigurationPlatforms) = preSolution
		Debug|Any CPU = Debug|Any CPU
		Release|Any CPU = Release|Any CPU
	EndGlobalSection
	GlobalSection(ProjectConfigurationPlatforms) = postSolution
		{471AB7C5-19BC-44F0-9399-5753F1A4748F}.Debug|Any CPU.ActiveCfg = Debug|Any CPU
		{471AB7C5-19BC-44F0-9399-5753F1A4748F}.Debug|Any CPU.Build.0 = Debug|Any CPU
		{471AB7C5-19BC-44F0-9399-5753F1A4748F}.Release|Any CPU.ActiveCfg = Release|Any CPU
		{471AB7C5-19BC-44F0-9399-5753F1A4748F}.Release|Any CPU.Build.0 = Release|Any CPU
	EndGlobalSection
	GlobalSection(SolutionProperties) = preSolution
		HideSolutionNode = FALSE
	EndGlobalSection
	GlobalSection(ExtensibilityGlobals) = postSolution
		SolutionGuid = {A54A107E-A2B7-4E46-925F-A9A7DF4F4E25}
	EndGlobalSection
EndGlobal
